
Microsoft Visual Studio Solution File, Format Version 12.00
# Visual Studio Version 16
VisualStudioVersion = 16.0.29009.5
MinimumVisualStudioVersion = 10.0.40219.1
Project("{FAE04EC0-301F-11D3-BF4B-00C04F79EFBC}") = "DAGLabs-Ex", "DAGLabs-Ex.csproj", "{DE85817B-20F7-457C-9531-3C8D621EB666}"
EndProject
Global
	GlobalSection(SolutionConfigurationPlatforms) = preSolution
		Debug|Any CPU = Debug|Any CPU
		Release|Any CPU = Release|Any CPU
	EndGlobalSection
	GlobalSection(ProjectConfigurationPlatforms) = postSolution
		{DE85817B-20F7-457C-9531-3C8D621EB666}.Debug|Any CPU.ActiveCfg = Debug|Any CPU
		{DE85817B-20F7-457C-9531-3C8D621EB666}.Debug|Any CPU.Build.0 = Debug|Any CPU
		{DE85817B-20F7-457C-9531-3C8D621EB666}.Release|Any CPU.ActiveCfg = Release|Any CPU
		{DE85817B-20F7-457C-9531-3C8D621EB666}.Release|Any CPU.Build.0 = Release|Any CPU
	EndGlobalSection
	GlobalSection(SolutionProperties) = preSolution
		HideSolutionNode = FALSE
	EndGlobalSection
	GlobalSection(ExtensibilityGlobals) = postSolution
		SolutionGuid = {29CAFA1E-3498-4502-A3E7-BE2F2FB7CEE6}
	EndGlobalSection
EndGlobal
